
Microsoft Visual Studio Solution File, Format Version 12.00
# Visual Studio Version 18
VisualStudioVersion = 18.1.11312.151
MinimumVisualStudioVersion = 10.0.40219.1
Project("{2150E333-8FDC-42A3-9474-1A3956D46DE8}") = "src", "src", "{83478E57-3E5A-4D7A-971E-32F277BCE5F8}"
	ProjectSection(SolutionItems) = preProject
		src\Directory.Packages.props = src\Directory.Packages.props
	EndProjectSection
EndProject
Project("{2150E333-8FDC-42A3-9474-1A3956D46DE8}") = "test", "test", "{5F9B417E-A221-4CC7-A22B-AE8A4A54599C}"
EndProject
Project("{2150E333-8FDC-42A3-9474-1A3956D46DE8}") = "samples", "samples", "{2EA2B4EB-5742-419B-B3D6-F065C3497DC3}"
EndProject
Project("{9A19103F-16F7-4668-BE54-9A1E7A4F7556}") = "Alastack.HmacAuth.Tests", "test\Alastack.HmacAuth.Tests\Alastack.HmacAuth.Tests.csproj", "{63677F51-1F23-4D0A-9223-331A8F563951}"
EndProject
Project("{9A19103F-16F7-4668-BE54-9A1E7A4F7556}") = "Alastack.HmacAuth", "src\Alastack.HmacAuth\Alastack.HmacAuth.csproj", "{5F6A3DFA-9A92-4435-B179-F4687572375F}"
EndProject
Project("{9A19103F-16F7-4668-BE54-9A1E7A4F7556}") = "Alastack.HmacAuth.AspNetCore", "src\Alastack.HmacAuth.AspNetCore\Alastack.HmacAuth.AspNetCore.csproj", "{912CDCCA-94C9-4AAA-8CD2-3F08D3BE2AFF}"
EndProject
Project("{9A19103F-16F7-4668-BE54-9A1E7A4F7556}") = "Alastack.HmacAuth.LiteDB", "src\Alastack.HmacAuth.LiteDB\Alastack.HmacAuth.LiteDB.csproj", "{2F7D59C4-9FD2-4128-8D1A-3E761759F7D2}"
EndProject
Project("{9A19103F-16F7-4668-BE54-9A1E7A4F7556}") = "Alastack.HmacAuth.MongoDB", "src\Alastack.HmacAuth.MongoDB\Alastack.HmacAuth.MongoDB.csproj", "{D08CF8FA-6A56-45FB-9964-347B189455B0}"
EndProject
Project("{9A19103F-16F7-4668-BE54-9A1E7A4F7556}") = "Alastack.HmacAuth.Sql", "src\Alastack.HmacAuth.Sql\Alastack.HmacAuth.Sql.csproj", "{9A594437-008A-4390-B7BF-2E6696855F5F}"
EndProject
Project("{2150E333-8FDC-42A3-9474-1A3956D46DE8}") = "Solution Items", "Solution Items", "{A805E971-821A-4E86-A122-EEDF69378069}"
	ProjectSection(SolutionItems) = preProject
		Directory.Build.props = Directory.Build.props
		README.md = README.md
	EndProjectSection
EndProject
Project("{2150E333-8FDC-42A3-9474-1A3956D46DE8}") = "hosts", "hosts", "{02EA681E-C7D8-13C7-8484-4AC65E1B71E8}"
EndProject
Project("{2150E333-8FDC-42A3-9474-1A3956D46DE8}") = "clients", "clients", "{866C6D37-AF91-41F0-A44B-8FAA6E94EDB4}"
EndProject
Project("{FAE04EC0-301F-11D3-BF4B-00C04F79EFBC}") = "RefitSample", "samples\clients\RefitSample\RefitSample.csproj", "{D9C65341-D8A5-2EFE-ECC0-E97A3FEF7000}"
EndProject
Project("{2150E333-8FDC-42A3-9474-1A3956D46DE8}") = "credentials", "credentials", "{C0C4EB77-CBD7-4D80-84C5-AF39FAD2588E}"
EndProject
Project("{FAE04EC0-301F-11D3-BF4B-00C04F79EFBC}") = "Sample.Common", "samples\Sample.Common\Sample.Common.csproj", "{37078DA3-B927-4595-A890-0E91E28701D6}"
EndProject
Project("{FAE04EC0-301F-11D3-BF4B-00C04F79EFBC}") = "LiteDBCredentialSample", "samples\credentials\LiteDBCredentialSample\LiteDBCredentialSample.csproj", "{FB7BF8B6-97AC-08CC-E77B-18F9831E1DAF}"
EndProject
Project("{FAE04EC0-301F-11D3-BF4B-00C04F79EFBC}") = "MongoDBCredentialSample", "samples\credentials\MongoDBCredentialSample\MongoDBCredentialSample.csproj", "{608977D1-C64D-78DF-1310-AFB105573F19}"
EndProject
Project("{FAE04EC0-301F-11D3-BF4B-00C04F79EFBC}") = "SqlCredentialSample", "samples\credentials\SqlCredentialSample\SqlCredentialSample.csproj", "{15BD754A-541C-4C39-45F9-59D1D576EC70}"
EndProject
Project("{FAE04EC0-301F-11D3-BF4B-00C04F79EFBC}") = "ApiHostSample", "samples\hosts\ApiHostSample\ApiHostSample.csproj", "{5CC7309E-E258-5CEA-755C-35710E7954A8}"
EndProject
Project("{FAE04EC0-301F-11D3-BF4B-00C04F79EFBC}") = "ApiProxy", "samples\hosts\ApiProxy\ApiProxy.csproj", "{EA63FCFD-4F52-C65B-8363-B4183DF2B689}"
EndProject
Project("{FAE04EC0-301F-11D3-BF4B-00C04F79EFBC}") = "ClientHostSample", "samples\clients\ClientHostSample\ClientHostSample.csproj", "{09064B85-4B20-1900-AE28-9B1937865515}"
EndProject
Project("{FAE04EC0-301F-11D3-BF4B-00C04F79EFBC}") = "ClientBasicSample", "samples\clients\ClientBasicSample\ClientBasicSample.csproj", "{9ED99B9B-B6CD-F649-F786-1F59901B7704}"
EndProject
Project("{FAE04EC0-301F-11D3-BF4B-00C04F79EFBC}") = "EFCoreCredentialSample", "samples\credentials\EFCoreCredentialSample\EFCoreCredentialSample.csproj", "{5E33AC72-0DAE-0FEA-10DD-D590A6BEFDCF}"
EndProject
Project("{FAE04EC0-301F-11D3-BF4B-00C04F79EFBC}") = "Alastack.HmacAuth.EFCore", "samples\credentials\Alastack.HmacAuth.EFCore\Alastack.HmacAuth.EFCore.csproj", "{7174786B-4CCB-2765-493B-E2324B4C8BEE}"
EndProject
Global
	GlobalSection(SolutionConfigurationPlatforms) = preSolution
		Debug|Any CPU = Debug|Any CPU
		Release|Any CPU = Release|Any CPU
	EndGlobalSection
	GlobalSection(ProjectConfigurationPlatforms) = postSolution
		{63677F51-1F23-4D0A-9223-331A8F563951}.Debug|Any CPU.ActiveCfg = Debug|Any CPU
		{63677F51-1F23-4D0A-9223-331A8F563951}.Debug|Any CPU.Build.0 = Debug|Any CPU
		{63677F51-1F23-4D0A-9223-331A8F563951}.Release|Any CPU.ActiveCfg = Release|Any CPU
		{63677F51-1F23-4D0A-9223-331A8F563951}.Release|Any CPU.Build.0 = Release|Any CPU
		{5F6A3DFA-9A92-4435-B179-F4687572375F}.Debug|Any CPU.ActiveCfg = Debug|Any CPU
		{5F6A3DFA-9A92-4435-B179-F4687572375F}.Debug|Any CPU.Build.0 = Debug|Any CPU
		{5F6A3DFA-9A92-4435-B179-F4687572375F}.Release|Any CPU.ActiveCfg = Release|Any CPU
		{5F6A3DFA-9A92-4435-B179-F4687572375F}.Release|Any CPU.Build.0 = Release|Any CPU
		{912CDCCA-94C9-4AAA-8CD2-3F08D3BE2AFF}.Debug|Any CPU.ActiveCfg = Debug|Any CPU
		{912CDCCA-94C9-4AAA-8CD2-3F08D3BE2AFF}.Debug|Any CPU.Build.0 = Debug|Any CPU
		{912CDCCA-94C9-4AAA-8CD2-3F08D3BE2AFF}.Release|Any CPU.ActiveCfg = Release|Any CPU
		{912CDCCA-94C9-4AAA-8CD2-3F08D3BE2AFF}.Release|Any CPU.Build.0 = Release|Any CPU
		{2F7D59C4-9FD2-4128-8D1A-3E761759F7D2}.Debug|Any CPU.ActiveCfg = Debug|Any CPU
		{2F7D59C4-9FD2-4128-8D1A-3E761759F7D2}.Debug|Any CPU.Build.0 = Debug|Any CPU
		{2F7D59C4-9FD2-4128-8D1A-3E761759F7D2}.Release|Any CPU.ActiveCfg = Release|Any CPU
		{2F7D59C4-9FD2-4128-8D1A-3E761759F7D2}.Release|Any CPU.Build.0 = Release|Any CPU
		{D08CF8FA-6A56-45FB-9964-347B189455B0}.Debug|Any CPU.ActiveCfg = Debug|Any CPU
		{D08CF8FA-6A56-45FB-9964-347B189455B0}.Debug|Any CPU.Build.0 = Debug|Any CPU
		{D08CF8FA-6A56-45FB-9964-347B189455B0}.Release|Any CPU.ActiveCfg = Release|Any CPU
		{D08CF8FA-6A56-45FB-9964-347B189455B0}.Release|Any CPU.Build.0 = Release|Any CPU
		{9A594437-008A-4390-B7BF-2E6696855F5F}.Debug|Any CPU.ActiveCfg = Debug|Any CPU
		{9A594437-008A-4390-B7BF-2E6696855F5F}.Debug|Any CPU.Build.0 = Debug|Any CPU
		{9A594437-008A-4390-B7BF-2E6696855F5F}.Release|Any CPU.ActiveCfg = Release|Any CPU
		{9A594437-008A-4390-B7BF-2E6696855F5F}.Release|Any CPU.Build.0 = Release|Any CPU
		{D9C65341-D8A5-2EFE-ECC0-E97A3FEF7000}.Debug|Any CPU.ActiveCfg = Debug|Any CPU
		{D9C65341-D8A5-2EFE-ECC0-E97A3FEF7000}.Debug|Any CPU.Build.0 = Debug|Any CPU
		{D9C65341-D8A5-2EFE-ECC0-E97A3FEF7000}.Release|Any CPU.ActiveCfg = Release|Any CPU
		{D9C65341-D8A5-2EFE-ECC0-E97A3FEF7000}.Release|Any CPU.Build.0 = Release|Any CPU
		{37078DA3-B927-4595-A890-0E91E28701D6}.Debug|Any CPU.ActiveCfg = Debug|Any CPU
		{37078DA3-B927-4595-A890-0E91E28701D6}.Debug|Any CPU.Build.0 = Debug|Any CPU
		{37078DA3-B927-4595-A890-0E91E28701D6}.Release|Any CPU.ActiveCfg = Release|Any CPU
		{37078DA3-B927-4595-A890-0E91E28701D6}.Release|Any CPU.Build.0 = Release|Any CPU
		{FB7BF8B6-97AC-08CC-E77B-18F9831E1DAF}.Debug|Any CPU.ActiveCfg = Debug|Any CPU
		{FB7BF8B6-97AC-08CC-E77B-18F9831E1DAF}.Debug|Any CPU.Build.0 = Debug|Any CPU
		{FB7BF8B6-97AC-08CC-E77B-18F9831E1DAF}.Release|Any CPU.ActiveCfg = Release|Any CPU
		{FB7BF8B6-97AC-08CC-E77B-18F9831E1DAF}.Release|Any CPU.Build.0 = Release|Any CPU
		{608977D1-C64D-78DF-1310-AFB105573F19}.Debug|Any CPU.ActiveCfg = Debug|Any CPU
		{608977D1-C64D-78DF-1310-AFB105573F19}.Debug|Any CPU.Build.0 = Debug|Any CPU
		{608977D1-C64D-78DF-1310-AFB105573F19}.Release|Any CPU.ActiveCfg = Release|Any CPU
		{608977D1-C64D-78DF-1310-AFB105573F19}.Release|Any CPU.Build.0 = Release|Any CPU
		{15BD754A-541C-4C39-45F9-59D1D576EC70}.Debug|Any CPU.ActiveCfg = Debug|Any CPU
		{15BD754A-541C-4C39-45F9-59D1D576EC70}.Debug|Any CPU.Build.0 = Debug|Any CPU
		{15BD754A-541C-4C39-45F9-59D1D576EC70}.Release|Any CPU.ActiveCfg = Release|Any CPU
		{15BD754A-541C-4C39-45F9-59D1D576EC70}.Release|Any CPU.Build.0 = Release|Any CPU
		{5CC7309E-E258-5CEA-755C-35710E7954A8}.Debug|Any CPU.ActiveCfg = Debug|Any CPU
		{5CC7309E-E258-5CEA-755C-35710E7954A8}.Debug|Any CPU.Build.0 = Debug|Any CPU
		{5CC7309E-E258-5CEA-755C-35710E7954A8}.Release|Any CPU.ActiveCfg = Release|Any CPU
		{5CC7309E-E258-5CEA-755C-35710E7954A8}.Release|Any CPU.Build.0 = Release|Any CPU
		{EA63FCFD-4F52-C65B-8363-B4183DF2B689}.Debug|Any CPU.ActiveCfg = Debug|Any CPU
		{EA63FCFD-4F52-C65B-8363-B4183DF2B689}.Debug|Any CPU.Build.0 = Debug|Any CPU
		{EA63FCFD-4F52-C65B-8363-B4183DF2B689}.Release|Any CPU.ActiveCfg = Release|Any CPU
		{EA63FCFD-4F52-C65B-8363-B4183DF2B689}.Release|Any CPU.Build.0 = Release|Any CPU
		{09064B85-4B20-1900-AE28-9B1937865515}.Debug|Any CPU.ActiveCfg = Debug|Any CPU
		{09064B85-4B20-1900-AE28-9B1937865515}.Debug|Any CPU.Build.0 = Debug|Any CPU
		{09064B85-4B20-1900-AE28-9B1937865515}.Release|Any CPU.ActiveCfg = Release|Any CPU
		{09064B85-4B20-1900-AE28-9B1937865515}.Release|Any CPU.Build.0 = Release|Any CPU
		{9ED99B9B-B6CD-F649-F786-1F59901B7704}.Debug|Any CPU.ActiveCfg = Debug|Any CPU
		{9ED99B9B-B6CD-F649-F786-1F59901B7704}.Debug|Any CPU.Build.0 = Debug|Any CPU
		{9ED99B9B-B6CD-F649-F786-1F59901B7704}.Release|Any CPU.ActiveCfg = Release|Any CPU
		{9ED99B9B-B6CD-F649-F786-1F59901B7704}.Release|Any CPU.Build.0 = Release|Any CPU
		{5E33AC72-0DAE-0FEA-10DD-D590A6BEFDCF}.Debug|Any CPU.ActiveCfg = Debug|Any CPU
		{5E33AC72-0DAE-0FEA-10DD-D590A6BEFDCF}.Debug|Any CPU.Build.0 = Debug|Any CPU
		{5E33AC72-0DAE-0FEA-10DD-D590A6BEFDCF}.Release|Any CPU.ActiveCfg = Release|Any CPU
		{5E33AC72-0DAE-0FEA-10DD-D590A6BEFDCF}.Release|Any CPU.Build.0 = Release|Any CPU
		{7174786B-4CCB-2765-493B-E2324B4C8BEE}.Debug|Any CPU.ActiveCfg = Debug|Any CPU
		{7174786B-4CCB-2765-493B-E2324B4C8BEE}.Debug|Any CPU.Build.0 = Debug|Any CPU
		{7174786B-4CCB-2765-493B-E2324B4C8BEE}.Release|Any CPU.ActiveCfg = Release|Any CPU
		{7174786B-4CCB-2765-493B-E2324B4C8BEE}.Release|Any CPU.Build.0 = Release|Any CPU
	EndGlobalSection
	GlobalSection(SolutionProperties) = preSolution
		HideSolutionNode = FALSE
	EndGlobalSection
	GlobalSection(NestedProjects) = preSolution
		{63677F51-1F23-4D0A-9223-331A8F563951} = {5F9B417E-A221-4CC7-A22B-AE8A4A54599C}
		{5F6A3DFA-9A92-4435-B179-F4687572375F} = {83478E57-3E5A-4D7A-971E-32F277BCE5F8}
		{912CDCCA-94C9-4AAA-8CD2-3F08D3BE2AFF} = {83478E57-3E5A-4D7A-971E-32F277BCE5F8}
		{2F7D59C4-9FD2-4128-8D1A-3E761759F7D2} = {83478E57-3E5A-4D7A-971E-32F277BCE5F8}
		{D08CF8FA-6A56-45FB-9964-347B189455B0} = {83478E57-3E5A-4D7A-971E-32F277BCE5F8}
		{9A594437-008A-4390-B7BF-2E6696855F5F} = {83478E57-3E5A-4D7A-971E-32F277BCE5F8}
		{02EA681E-C7D8-13C7-8484-4AC65E1B71E8} = {2EA2B4EB-5742-419B-B3D6-F065C3497DC3}
		{866C6D37-AF91-41F0-A44B-8FAA6E94EDB4} = {2EA2B4EB-5742-419B-B3D6-F065C3497DC3}
		{D9C65341-D8A5-2EFE-ECC0-E97A3FEF7000} = {866C6D37-AF91-41F0-A44B-8FAA6E94EDB4}
		{C0C4EB77-CBD7-4D80-84C5-AF39FAD2588E} = {2EA2B4EB-5742-419B-B3D6-F065C3497DC3}
		{37078DA3-B927-4595-A890-0E91E28701D6} = {2EA2B4EB-5742-419B-B3D6-F065C3497DC3}
		{FB7BF8B6-97AC-08CC-E77B-18F9831E1DAF} = {C0C4EB77-CBD7-4D80-84C5-AF39FAD2588E}
		{608977D1-C64D-78DF-1310-AFB105573F19} = {C0C4EB77-CBD7-4D80-84C5-AF39FAD2588E}
		{15BD754A-541C-4C39-45F9-59D1D576EC70} = {C0C4EB77-CBD7-4D80-84C5-AF39FAD2588E}
		{5CC7309E-E258-5CEA-755C-35710E7954A8} = {02EA681E-C7D8-13C7-8484-4AC65E1B71E8}
		{EA63FCFD-4F52-C65B-8363-B4183DF2B689} = {02EA681E-C7D8-13C7-8484-4AC65E1B71E8}
		{09064B85-4B20-1900-AE28-9B1937865515} = {866C6D37-AF91-41F0-A44B-8FAA6E94EDB4}
		{9ED99B9B-B6CD-F649-F786-1F59901B7704} = {866C6D37-AF91-41F0-A44B-8FAA6E94EDB4}
		{5E33AC72-0DAE-0FEA-10DD-D590A6BEFDCF} = {C0C4EB77-CBD7-4D80-84C5-AF39FAD2588E}
		{7174786B-4CCB-2765-493B-E2324B4C8BEE} = {C0C4EB77-CBD7-4D80-84C5-AF39FAD2588E}
	EndGlobalSection
	GlobalSection(ExtensibilityGlobals) = postSolution
		SolutionGuid = {C5E9B594-ACDB-4D4B-B3B5-99B6CD5DCFB2}
	EndGlobalSection
EndGlobal
